
Microsoft Visual Studio Solution File, Format Version 12.00
# Visual Studio 15
VisualStudioVersion = 15.0.28010.2003
MinimumVisualStudioVersion = 10.0.40219.1
Project("{9A19103F-16F7-4668-BE54-9A1E7A4F7556}") = "ZeroORM.Extensibility", "src\ZeroORM.Extensibility.csproj", "{5E6B6106-730F-4529-BB02-818DFD609A66}"
EndProject
Project("{2150E333-8FDC-42A3-9474-1A3956D46DE8}") = "src", "src", "{FDFBE14F-1D52-4ABB-8163-740F35394E57}"
EndProject
Project("{2150E333-8FDC-42A3-9474-1A3956D46DE8}") = "test", "test", "{BBDF9CB5-F50C-4523-B273-D7C28C2F6AD2}"
EndProject
Project("{9A19103F-16F7-4668-BE54-9A1E7A4F7556}") = "ZeroORM.Extensibility.Common.Test", "test\ZeroORM.Extensibility.Common.Test.csproj", "{064DAEE8-B4DF-4B75-8355-AFBCE2FA927E}"
EndProject
Global
	GlobalSection(SolutionConfigurationPlatforms) = preSolution
		Debug|Any CPU = Debug|Any CPU
		Release|Any CPU = Release|Any CPU
	EndGlobalSection
	GlobalSection(ProjectConfigurationPlatforms) = postSolution
		{5E6B6106-730F-4529-BB02-818DFD609A66}.Debug|Any CPU.ActiveCfg = Debug|Any CPU
		{5E6B6106-730F-4529-BB02-818DFD609A66}.Debug|Any CPU.Build.0 = Debug|Any CPU
		{5E6B6106-730F-4529-BB02-818DFD609A66}.Release|Any CPU.ActiveCfg = Release|Any CPU
		{5E6B6106-730F-4529-BB02-818DFD609A66}.Release|Any CPU.Build.0 = Release|Any CPU
		{064DAEE8-B4DF-4B75-8355-AFBCE2FA927E}.Debug|Any CPU.ActiveCfg = Debug|Any CPU
		{064DAEE8-B4DF-4B75-8355-AFBCE2FA927E}.Debug|Any CPU.Build.0 = Debug|Any CPU
		{064DAEE8-B4DF-4B75-8355-AFBCE2FA927E}.Release|Any CPU.ActiveCfg = Release|Any CPU
		{064DAEE8-B4DF-4B75-8355-AFBCE2FA927E}.Release|Any CPU.Build.0 = Release|Any CPU
	EndGlobalSection
	GlobalSection(SolutionProperties) = preSolution
		HideSolutionNode = FALSE
	EndGlobalSection
	GlobalSection(NestedProjects) = preSolution
		{5E6B6106-730F-4529-BB02-818DFD609A66} = {FDFBE14F-1D52-4ABB-8163-740F35394E57}
		{064DAEE8-B4DF-4B75-8355-AFBCE2FA927E} = {BBDF9CB5-F50C-4523-B273-D7C28C2F6AD2}
	EndGlobalSection
	GlobalSection(ExtensibilityGlobals) = postSolution
		SolutionGuid = {70DB243E-F75C-422A-B72C-3952E6A956F2}
	EndGlobalSection
EndGlobal
